
Microsoft Visual Studio Solution File, Format Version 12.00
# Visual Studio 15
VisualStudioVersion = 15.0.26430.6
MinimumVisualStudioVersion = 10.0.40219.1
Project("{FAE04EC0-301F-11D3-BF4B-00C04F79EFBC}") = "Demo1.WebApi", "Demo1.WebApi\Demo1.WebApi.csproj", "{023D2B0B-54BD-476F-A484-A66587F16E89}"
EndProject
Project("{FAE04EC0-301F-11D3-BF4B-00C04F79EFBC}") = "Demo1.Dominio", "Demo1.Dominio\Demo1.Dominio.csproj", "{9F3F5BC2-1F19-423A-A02D-9B7EA7863250}"
EndProject
Project("{FAE04EC0-301F-11D3-BF4B-00C04F79EFBC}") = "Demo1.Infraestrutura", "Demo1.Infraestrutura\Demo1.Infraestrutura.csproj", "{654C0D41-AE19-438F-B813-D3E97BA12958}"
EndProject
Global
	GlobalSection(SolutionConfigurationPlatforms) = preSolution
		Debug|Any CPU = Debug|Any CPU
		Release|Any CPU = Release|Any CPU
	EndGlobalSection
	GlobalSection(ProjectConfigurationPlatforms) = postSolution
		{023D2B0B-54BD-476F-A484-A66587F16E89}.Debug|Any CPU.ActiveCfg = Debug|Any CPU
		{023D2B0B-54BD-476F-A484-A66587F16E89}.Debug|Any CPU.Build.0 = Debug|Any CPU
		{023D2B0B-54BD-476F-A484-A66587F16E89}.Release|Any CPU.ActiveCfg = Release|Any CPU
		{023D2B0B-54BD-476F-A484-A66587F16E89}.Release|Any CPU.Build.0 = Release|Any CPU
		{9F3F5BC2-1F19-423A-A02D-9B7EA7863250}.Debug|Any CPU.ActiveCfg = Debug|Any CPU
		{9F3F5BC2-1F19-423A-A02D-9B7EA7863250}.Debug|Any CPU.Build.0 = Debug|Any CPU
		{9F3F5BC2-1F19-423A-A02D-9B7EA7863250}.Release|Any CPU.ActiveCfg = Release|Any CPU
		{9F3F5BC2-1F19-423A-A02D-9B7EA7863250}.Release|Any CPU.Build.0 = Release|Any CPU
		{654C0D41-AE19-438F-B813-D3E97BA12958}.Debug|Any CPU.ActiveCfg = Debug|Any CPU
		{654C0D41-AE19-438F-B813-D3E97BA12958}.Debug|Any CPU.Build.0 = Debug|Any CPU
		{654C0D41-AE19-438F-B813-D3E97BA12958}.Release|Any CPU.ActiveCfg = Release|Any CPU
		{654C0D41-AE19-438F-B813-D3E97BA12958}.Release|Any CPU.Build.0 = Release|Any CPU
	EndGlobalSection
	GlobalSection(SolutionProperties) = preSolution
		HideSolutionNode = FALSE
	EndGlobalSection
EndGlobal
